
Microsoft Visual Studio Solution File, Format Version 12.00
Project("{FAE04EC0-301F-11D3-BF4B-00C04F79EFBC}") = "Host", "Host\Host.csproj", "{497C5EEA-17E9-41E5-B916-DE766008EB30}"
EndProject
Project("{2150E333-8FDC-42A3-9474-1A3956D46DE8}") = "Core", "Core", "{63282818-A075-4453-BD36-F09E2CD3F5D8}"
EndProject
Project("{FAE04EC0-301F-11D3-BF4B-00C04F79EFBC}") = "Domain", "Domain\Domain.csproj", "{8F60BDC9-98E0-4ABA-B637-96176B7B205F}"
EndProject
Project("{FAE04EC0-301F-11D3-BF4B-00C04F79EFBC}") = "Shared", "Shared\Shared.csproj", "{5D4E2889-75F0-4AFF-B70C-A4D9F70B1322}"
EndProject
Project("{FAE04EC0-301F-11D3-BF4B-00C04F79EFBC}") = "Application", "Application\Application.csproj", "{B7E88A67-B71D-4E86-B731-D61580F52C89}"
EndProject
Project("{FAE04EC0-301F-11D3-BF4B-00C04F79EFBC}") = "Infrastructure", "Infrastructure\Infrastructure.csproj", "{DE2E3120-FD87-47E3-9FAA-F037A2A70B5B}"
EndProject
Project("{FAE04EC0-301F-11D3-BF4B-00C04F79EFBC}") = "Migrators", "Migrators\Migrators.csproj", "{0AC0351D-B723-433B-9DB6-5E703299B6DF}"
EndProject
Global
	GlobalSection(SolutionConfigurationPlatforms) = preSolution
		Debug|Any CPU = Debug|Any CPU
		Release|Any CPU = Release|Any CPU
	EndGlobalSection
	GlobalSection(ProjectConfigurationPlatforms) = postSolution
		{497C5EEA-17E9-41E5-B916-DE766008EB30}.Debug|Any CPU.ActiveCfg = Debug|Any CPU
		{497C5EEA-17E9-41E5-B916-DE766008EB30}.Debug|Any CPU.Build.0 = Debug|Any CPU
		{497C5EEA-17E9-41E5-B916-DE766008EB30}.Release|Any CPU.ActiveCfg = Release|Any CPU
		{497C5EEA-17E9-41E5-B916-DE766008EB30}.Release|Any CPU.Build.0 = Release|Any CPU
		{8F60BDC9-98E0-4ABA-B637-96176B7B205F}.Debug|Any CPU.ActiveCfg = Debug|Any CPU
		{8F60BDC9-98E0-4ABA-B637-96176B7B205F}.Debug|Any CPU.Build.0 = Debug|Any CPU
		{8F60BDC9-98E0-4ABA-B637-96176B7B205F}.Release|Any CPU.ActiveCfg = Release|Any CPU
		{8F60BDC9-98E0-4ABA-B637-96176B7B205F}.Release|Any CPU.Build.0 = Release|Any CPU
		{5D4E2889-75F0-4AFF-B70C-A4D9F70B1322}.Debug|Any CPU.ActiveCfg = Debug|Any CPU
		{5D4E2889-75F0-4AFF-B70C-A4D9F70B1322}.Debug|Any CPU.Build.0 = Debug|Any CPU
		{5D4E2889-75F0-4AFF-B70C-A4D9F70B1322}.Release|Any CPU.ActiveCfg = Release|Any CPU
		{5D4E2889-75F0-4AFF-B70C-A4D9F70B1322}.Release|Any CPU.Build.0 = Release|Any CPU
		{B7E88A67-B71D-4E86-B731-D61580F52C89}.Debug|Any CPU.ActiveCfg = Debug|Any CPU
		{B7E88A67-B71D-4E86-B731-D61580F52C89}.Debug|Any CPU.Build.0 = Debug|Any CPU
		{B7E88A67-B71D-4E86-B731-D61580F52C89}.Release|Any CPU.ActiveCfg = Release|Any CPU
		{B7E88A67-B71D-4E86-B731-D61580F52C89}.Release|Any CPU.Build.0 = Release|Any CPU
		{DE2E3120-FD87-47E3-9FAA-F037A2A70B5B}.Debug|Any CPU.ActiveCfg = Debug|Any CPU
		{DE2E3120-FD87-47E3-9FAA-F037A2A70B5B}.Debug|Any CPU.Build.0 = Debug|Any CPU
		{DE2E3120-FD87-47E3-9FAA-F037A2A70B5B}.Release|Any CPU.ActiveCfg = Release|Any CPU
		{DE2E3120-FD87-47E3-9FAA-F037A2A70B5B}.Release|Any CPU.Build.0 = Release|Any CPU
		{0AC0351D-B723-433B-9DB6-5E703299B6DF}.Debug|Any CPU.ActiveCfg = Debug|Any CPU
		{0AC0351D-B723-433B-9DB6-5E703299B6DF}.Debug|Any CPU.Build.0 = Debug|Any CPU
		{0AC0351D-B723-433B-9DB6-5E703299B6DF}.Release|Any CPU.ActiveCfg = Release|Any CPU
		{0AC0351D-B723-433B-9DB6-5E703299B6DF}.Release|Any CPU.Build.0 = Release|Any CPU
	EndGlobalSection
	GlobalSection(NestedProjects) = preSolution
		{8F60BDC9-98E0-4ABA-B637-96176B7B205F} = {63282818-A075-4453-BD36-F09E2CD3F5D8}
		{5D4E2889-75F0-4AFF-B70C-A4D9F70B1322} = {63282818-A075-4453-BD36-F09E2CD3F5D8}
		{B7E88A67-B71D-4E86-B731-D61580F52C89} = {63282818-A075-4453-BD36-F09E2CD3F5D8}
	EndGlobalSection
EndGlobal
